
Microsoft Visual Studio Solution File, Format Version 12.00
# Visual Studio Version 16
VisualStudioVersion = 16.0.29418.71
MinimumVisualStudioVersion = 10.0.40219.1
Project("{FAE04EC0-301F-11D3-BF4B-00C04F79EFBC}") = "Chroma", "Chroma.csproj", "{2A9FFC70-8110-41C1-97F0-A2DD3E11F66E}"
EndProject
Global
	GlobalSection(SolutionConfigurationPlatforms) = preSolution
		Debug|Any CPU = Debug|Any CPU
		Release|Any CPU = Release|Any CPU
	EndGlobalSection
	GlobalSection(ProjectConfigurationPlatforms) = postSolution
		{2A9FFC70-8110-41C1-97F0-A2DD3E11F66E}.Debug|Any CPU.ActiveCfg = Debug|Any CPU
		{2A9FFC70-8110-41C1-97F0-A2DD3E11F66E}.Debug|Any CPU.Build.0 = Debug|Any CPU
		{2A9FFC70-8110-41C1-97F0-A2DD3E11F66E}.Release|Any CPU.ActiveCfg = Release|Any CPU
		{2A9FFC70-8110-41C1-97F0-A2DD3E11F66E}.Release|Any CPU.Build.0 = Release|Any CPU
	EndGlobalSection
	GlobalSection(SolutionProperties) = preSolution
		HideSolutionNode = FALSE
	EndGlobalSection
	GlobalSection(ExtensibilityGlobals) = postSolution
		SolutionGuid = {A6CA71B9-BCF8-4ABF-97D4-857506DA5504}
	EndGlobalSection
EndGlobal
